
Microsoft Visual Studio Solution File, Format Version 12.00
# Visual Studio Version 17
VisualStudioVersion = 17.8.34408.163
MinimumVisualStudioVersion = 10.0.40219.1
Project("{FAE04EC0-301F-11D3-BF4B-00C04F79EFBC}") = "BlazorAddressAppWasm.Server", "BlazorAddressAppWasm\BlazorAddressAppWasm\BlazorAddressAppWasm.Server.csproj", "{961A87FF-9D76-4198-A6AC-D71175B9E4B7}"
EndProject
Project("{FAE04EC0-301F-11D3-BF4B-00C04F79EFBC}") = "BlazorAddressAppWasm.Client", "BlazorAddressAppWasm\BlazorAddressAppWasm.Client\BlazorAddressAppWasm.Client.csproj", "{395E9E45-D97F-4660-A962-91FF8D4647A6}"
EndProject
Global
	GlobalSection(SolutionConfigurationPlatforms) = preSolution
		Debug|Any CPU = Debug|Any CPU
		Release|Any CPU = Release|Any CPU
	EndGlobalSection
	GlobalSection(ProjectConfigurationPlatforms) = postSolution
		{961A87FF-9D76-4198-A6AC-D71175B9E4B7}.Debug|Any CPU.ActiveCfg = Debug|Any CPU
		{961A87FF-9D76-4198-A6AC-D71175B9E4B7}.Debug|Any CPU.Build.0 = Debug|Any CPU
		{961A87FF-9D76-4198-A6AC-D71175B9E4B7}.Release|Any CPU.ActiveCfg = Release|Any CPU
		{961A87FF-9D76-4198-A6AC-D71175B9E4B7}.Release|Any CPU.Build.0 = Release|Any CPU
		{395E9E45-D97F-4660-A962-91FF8D4647A6}.Debug|Any CPU.ActiveCfg = Debug|Any CPU
		{395E9E45-D97F-4660-A962-91FF8D4647A6}.Debug|Any CPU.Build.0 = Debug|Any CPU
		{395E9E45-D97F-4660-A962-91FF8D4647A6}.Release|Any CPU.ActiveCfg = Release|Any CPU
		{395E9E45-D97F-4660-A962-91FF8D4647A6}.Release|Any CPU.Build.0 = Release|Any CPU
	EndGlobalSection
	GlobalSection(SolutionProperties) = preSolution
		HideSolutionNode = FALSE
	EndGlobalSection
	GlobalSection(ExtensibilityGlobals) = postSolution
		SolutionGuid = {A3C4895D-28B8-43F0-9D2D-C09440A10C4A}
	EndGlobalSection
EndGlobal
